Microsoft Visual Studio Solution File, Format Version 12.00
# Visual Studio Version 16
Project("{FAE04EC0-301F-11D3-BF4B-00C04F79EFBC}") = "Jellyfin.Plugin.Listenbrainz", "Jellyfin.Plugin.Listenbrainz\Jellyfin.Plugin.Listenbrainz.csproj", "{D921B930-CF91-406F-ACBC-08914DCD0D34}"
EndProject
Project("{FAE04EC0-301F-11D3-BF4B-00C04F79EFBC}") = "Jellyfin.Plugin.Listenbrainz.Tests", "Jellyfin.Plugin.Listenbrainz.Tests\Jellyfin.Plugin.Listenbrainz.Tests.csproj", "{1E99C43D-42EE-4178-B93D-43CDA83A41D2}"
EndProject
Project("{FAE04EC0-301F-11D3-BF4B-00C04F79EFBC}") = "Jellyfin.Plugin.Listenbrainz.JF108", "Jellyfin.Plugin.Listenbrainz.JF108\Jellyfin.Plugin.Listenbrainz.JF108.csproj", "{42D88268-AE95-41F9-BD51-611D3910C6C1}"
EndProject
Global
	GlobalSection(SolutionConfigurationPlatforms) = preSolution
		Debug|Any CPU = Debug|Any CPU
		Release|Any CPU = Release|Any CPU
	EndGlobalSection
	GlobalSection(ProjectConfigurationPlatforms) = postSolution
		{D921B930-CF91-406F-ACBC-08914DCD0D34}.Debug|Any CPU.ActiveCfg = Debug|Any CPU
		{D921B930-CF91-406F-ACBC-08914DCD0D34}.Debug|Any CPU.Build.0 = Debug|Any CPU
		{D921B930-CF91-406F-ACBC-08914DCD0D34}.Release|Any CPU.ActiveCfg = Release|Any CPU
		{D921B930-CF91-406F-ACBC-08914DCD0D34}.Release|Any CPU.Build.0 = Release|Any CPU
		{1E99C43D-42EE-4178-B93D-43CDA83A41D2}.Debug|Any CPU.ActiveCfg = Debug|Any CPU
		{1E99C43D-42EE-4178-B93D-43CDA83A41D2}.Debug|Any CPU.Build.0 = Debug|Any CPU
		{1E99C43D-42EE-4178-B93D-43CDA83A41D2}.Release|Any CPU.ActiveCfg = Release|Any CPU
		{1E99C43D-42EE-4178-B93D-43CDA83A41D2}.Release|Any CPU.Build.0 = Release|Any CPU
		{42D88268-AE95-41F9-BD51-611D3910C6C1}.Debug|Any CPU.ActiveCfg = Debug|Any CPU
		{42D88268-AE95-41F9-BD51-611D3910C6C1}.Debug|Any CPU.Build.0 = Debug|Any CPU
		{42D88268-AE95-41F9-BD51-611D3910C6C1}.Release|Any CPU.ActiveCfg = Release|Any CPU
		{42D88268-AE95-41F9-BD51-611D3910C6C1}.Release|Any CPU.Build.0 = Release|Any CPU
	EndGlobalSection
	GlobalSection(MonoDevelopProperties) = preSolution
		Policies = $0
		$0.DotNetNamingPolicy = $1
		$1.DirectoryNamespaceAssociation = PrefixedHierarchical
		$0.StandardHeader = $2
		$0.VersionControlPolicy = $3
	EndGlobalSection
EndGlobal
