
Microsoft Visual Studio Solution File, Format Version 12.00
Project("{2150E333-8FDC-42A3-9474-1A3956D46DE8}") = "src", "src", "{BCFEC1CA-66E1-462A-BFA8-00D61DCCD970}"
EndProject
Project("{2150E333-8FDC-42A3-9474-1A3956D46DE8}") = "tests", "tests", "{99C564F4-BF8F-4555-AAB7-3A379C784CC4}"
EndProject
Project("{FAE04EC0-301F-11D3-BF4B-00C04F79EFBC}") = "ListenBrainzPlugin.Http", "src\ListenBrainzPlugin.Http\ListenBrainzPlugin.Http.csproj", "{33145D22-8C66-4C69-A409-3934840EAF4C}"
EndProject
Project("{FAE04EC0-301F-11D3-BF4B-00C04F79EFBC}") = "ListenBrainzPlugin.Http.Tests", "tests\ListenBrainzPlugin.Http.Tests\ListenBrainzPlugin.Http.Tests.csproj", "{B55D95AE-9B00-488D-B78B-86308C9129A7}"
EndProject
Project("{FAE04EC0-301F-11D3-BF4B-00C04F79EFBC}") = "ListenBrainzPlugin.MusicBrainzApi", "src\ListenBrainzPlugin.MusicBrainzApi\ListenBrainzPlugin.MusicBrainzApi.csproj", "{27CBD9F1-5529-400D-8AD7-8BE32465D0E5}"
EndProject
Project("{FAE04EC0-301F-11D3-BF4B-00C04F79EFBC}") = "ListenBrainzPlugin.MusicBrainzApi.Tests", "tests\ListenBrainzPlugin.MusicBrainzApi.Tests\ListenBrainzPlugin.MusicBrainzApi.Tests.csproj", "{08A62589-F3AC-44B3-810C-0D69814B04AC}"
EndProject
Project("{FAE04EC0-301F-11D3-BF4B-00C04F79EFBC}") = "ListenBrainzPlugin.ListenBrainzApi", "src\ListenBrainzPlugin.ListenBrainzApi\ListenBrainzPlugin.ListenBrainzApi.csproj", "{BEB89977-4825-4591-9886-0920CE9D93EC}"
EndProject
Project("{FAE04EC0-301F-11D3-BF4B-00C04F79EFBC}") = "ListenBrainzPlugin.ListenBrainzApi.Tests", "tests\ListenBrainzPlugin.ListenBrainzApi.Tests\ListenBrainzPlugin.ListenBrainzApi.Tests.csproj", "{7C6FAEC4-5D44-4035-8590-2FCDFF1ABC2B}"
EndProject
Project("{FAE04EC0-301F-11D3-BF4B-00C04F79EFBC}") = "ListenBrainzPlugin", "src\ListenBrainzPlugin\ListenBrainzPlugin.csproj", "{5E3664B9-03C9-4357-86C5-B9B6E18C1098}"
EndProject
Project("{FAE04EC0-301F-11D3-BF4B-00C04F79EFBC}") = "ListenBrainzPlugin.Tests", "tests\ListenBrainzPlugin.Tests\ListenBrainzPlugin.Tests.csproj", "{773CDB41-E866-439A-A6F1-79308AF97AB8}"
EndProject
Global
	GlobalSection(SolutionConfigurationPlatforms) = preSolution
		Debug|Any CPU = Debug|Any CPU
		Release|Any CPU = Release|Any CPU
	EndGlobalSection
	GlobalSection(ProjectConfigurationPlatforms) = postSolution
		{33145D22-8C66-4C69-A409-3934840EAF4C}.Debug|Any CPU.ActiveCfg = Debug|Any CPU
		{33145D22-8C66-4C69-A409-3934840EAF4C}.Debug|Any CPU.Build.0 = Debug|Any CPU
		{33145D22-8C66-4C69-A409-3934840EAF4C}.Release|Any CPU.ActiveCfg = Release|Any CPU
		{33145D22-8C66-4C69-A409-3934840EAF4C}.Release|Any CPU.Build.0 = Release|Any CPU
		{B55D95AE-9B00-488D-B78B-86308C9129A7}.Debug|Any CPU.ActiveCfg = Debug|Any CPU
		{B55D95AE-9B00-488D-B78B-86308C9129A7}.Debug|Any CPU.Build.0 = Debug|Any CPU
		{B55D95AE-9B00-488D-B78B-86308C9129A7}.Release|Any CPU.ActiveCfg = Release|Any CPU
		{B55D95AE-9B00-488D-B78B-86308C9129A7}.Release|Any CPU.Build.0 = Release|Any CPU
		{27CBD9F1-5529-400D-8AD7-8BE32465D0E5}.Debug|Any CPU.ActiveCfg = Debug|Any CPU
		{27CBD9F1-5529-400D-8AD7-8BE32465D0E5}.Debug|Any CPU.Build.0 = Debug|Any CPU
		{27CBD9F1-5529-400D-8AD7-8BE32465D0E5}.Release|Any CPU.ActiveCfg = Release|Any CPU
		{27CBD9F1-5529-400D-8AD7-8BE32465D0E5}.Release|Any CPU.Build.0 = Release|Any CPU
		{08A62589-F3AC-44B3-810C-0D69814B04AC}.Debug|Any CPU.ActiveCfg = Debug|Any CPU
		{08A62589-F3AC-44B3-810C-0D69814B04AC}.Debug|Any CPU.Build.0 = Debug|Any CPU
		{08A62589-F3AC-44B3-810C-0D69814B04AC}.Release|Any CPU.ActiveCfg = Release|Any CPU
		{08A62589-F3AC-44B3-810C-0D69814B04AC}.Release|Any CPU.Build.0 = Release|Any CPU
		{BEB89977-4825-4591-9886-0920CE9D93EC}.Debug|Any CPU.ActiveCfg = Debug|Any CPU
		{BEB89977-4825-4591-9886-0920CE9D93EC}.Debug|Any CPU.Build.0 = Debug|Any CPU
		{BEB89977-4825-4591-9886-0920CE9D93EC}.Release|Any CPU.ActiveCfg = Release|Any CPU
		{BEB89977-4825-4591-9886-0920CE9D93EC}.Release|Any CPU.Build.0 = Release|Any CPU
		{7C6FAEC4-5D44-4035-8590-2FCDFF1ABC2B}.Debug|Any CPU.ActiveCfg = Debug|Any CPU
		{7C6FAEC4-5D44-4035-8590-2FCDFF1ABC2B}.Debug|Any CPU.Build.0 = Debug|Any CPU
		{7C6FAEC4-5D44-4035-8590-2FCDFF1ABC2B}.Release|Any CPU.ActiveCfg = Release|Any CPU
		{7C6FAEC4-5D44-4035-8590-2FCDFF1ABC2B}.Release|Any CPU.Build.0 = Release|Any CPU
		{5E3664B9-03C9-4357-86C5-B9B6E18C1098}.Debug|Any CPU.ActiveCfg = Debug|Any CPU
		{5E3664B9-03C9-4357-86C5-B9B6E18C1098}.Debug|Any CPU.Build.0 = Debug|Any CPU
		{5E3664B9-03C9-4357-86C5-B9B6E18C1098}.Release|Any CPU.ActiveCfg = Release|Any CPU
		{5E3664B9-03C9-4357-86C5-B9B6E18C1098}.Release|Any CPU.Build.0 = Release|Any CPU
		{773CDB41-E866-439A-A6F1-79308AF97AB8}.Debug|Any CPU.ActiveCfg = Debug|Any CPU
		{773CDB41-E866-439A-A6F1-79308AF97AB8}.Debug|Any CPU.Build.0 = Debug|Any CPU
		{773CDB41-E866-439A-A6F1-79308AF97AB8}.Release|Any CPU.ActiveCfg = Release|Any CPU
		{773CDB41-E866-439A-A6F1-79308AF97AB8}.Release|Any CPU.Build.0 = Release|Any CPU
	EndGlobalSection
	GlobalSection(NestedProjects) = preSolution
		{33145D22-8C66-4C69-A409-3934840EAF4C} = {BCFEC1CA-66E1-462A-BFA8-00D61DCCD970}
		{B55D95AE-9B00-488D-B78B-86308C9129A7} = {99C564F4-BF8F-4555-AAB7-3A379C784CC4}
		{27CBD9F1-5529-400D-8AD7-8BE32465D0E5} = {BCFEC1CA-66E1-462A-BFA8-00D61DCCD970}
		{08A62589-F3AC-44B3-810C-0D69814B04AC} = {99C564F4-BF8F-4555-AAB7-3A379C784CC4}
		{BEB89977-4825-4591-9886-0920CE9D93EC} = {BCFEC1CA-66E1-462A-BFA8-00D61DCCD970}
		{7C6FAEC4-5D44-4035-8590-2FCDFF1ABC2B} = {99C564F4-BF8F-4555-AAB7-3A379C784CC4}
		{5E3664B9-03C9-4357-86C5-B9B6E18C1098} = {BCFEC1CA-66E1-462A-BFA8-00D61DCCD970}
		{773CDB41-E866-439A-A6F1-79308AF97AB8} = {99C564F4-BF8F-4555-AAB7-3A379C784CC4}
	EndGlobalSection
EndGlobal
